# This file is automatically @generated by Cargo.
# It is not intended for manual editing.
version = 4

[[package]]
name = "fleet-api"
version = "0.1.0"
dependencies = [
 "fleet-application",
 "fleet-core",
]

[[package]]
name = "fleet-application"
version = "0.1.0"
dependencies = [
 "fleet-core",
]

[[package]]
name = "fleet-auth"
version = "0.1.0"
dependencies = [
 "fleet-application",
 "fleet-core",
]

[[package]]
name = "fleet-config"
version = "0.1.0"
dependencies = [
 "fleet-core",
]

[[package]]
name = "fleet-controller"
version = "0.1.0"
dependencies = [
 "fleet-api",
 "fleet-application",
 "fleet-auth",
 "fleet-config",
 "fleet-protocol",
 "fleet-secrets",
 "fleet-storage-sqlite",
]

[[package]]
name = "fleet-core"
version = "0.1.0"

[[package]]
name = "fleet-protocol"
version = "0.1.0"
dependencies = [
 "fleet-core",
]

[[package]]
name = "fleet-provider-docker"
version = "0.1.0"
dependencies = [
 "fleet-application",
 "fleet-core",
]

[[package]]
name = "fleet-provider-frogenv"
version = "0.1.0"
dependencies = [
 "fleet-application",
 "fleet-core",
]

[[package]]
name = "fleet-provider-github"
version = "0.1.0"
dependencies = [
 "fleet-application",
 "fleet-core",
]

[[package]]
name = "fleet-provider-mise"
version = "0.1.0"
dependencies = [
 "fleet-application",
 "fleet-core",
]

[[package]]
name = "fleet-provider-proxmox"
version = "0.1.0"
dependencies = [
 "fleet-application",
 "fleet-core",
]

[[package]]
name = "fleet-provider-skills-manager"
version = "0.1.0"
dependencies = [
 "fleet-application",
 "fleet-core",
]

[[package]]
name = "fleet-provider-ssh"
version = "0.1.0"
dependencies = [
 "fleet-application",
 "fleet-core",
]

[[package]]
name = "fleet-provider-tailscale"
version = "0.1.0"
dependencies = [
 "fleet-application",
 "fleet-core",
]

[[package]]
name = "fleet-secrets"
version = "0.1.0"
dependencies = [
 "fleet-application",
 "fleet-core",
]

[[package]]
name = "fleet-storage-sqlite"
version = "0.1.0"
dependencies = [
 "fleet-application",
 "fleet-core",
]

[[package]]
name = "fleetctl"
version = "0.1.0"
dependencies = [
 "fleet-api",
 "fleet-config",
]

[[package]]
name = "fleetd"
version = "0.1.0"
dependencies = [
 "fleet-application",
 "fleet-config",
 "fleet-core",
 "fleet-protocol",
]
