{
  "name": "fixture-accepted",
  "lockfileVersion": 3,
  "packages": {
    "": { "name": "fixture-accepted", "dependencies": { "permissive": "^1.0.0" } },
    "node_modules/permissive": { "version": "1.0.0", "license": "MIT" },
    "node_modules/dual-licensed": { "version": "2.0.0", "license": "(MIT OR Apache-2.0)" },
    "node_modules/with-exception": { "version": "3.0.0", "license": "Apache-2.0" },
    "node_modules/old-style": { "version": "4.0.0", "licenses": [{ "type": "ISC" }] }
  }
}
