{
  "name": "fixture-rejected",
  "lockfileVersion": 3,
  "packages": {
    "": { "name": "fixture-rejected", "dependencies": { "permissive": "^1.0.0" } },
    "node_modules/permissive": { "version": "1.0.0", "license": "MIT" },
    "node_modules/copyleft": { "version": "6.6.6", "license": "GPL-3.0-only" },
    "node_modules/dual-copyleft": { "version": "1.2.3", "license": "(MIT AND GPL-3.0-only)" }
  }
}
